
Microsoft Visual Studio Solution File, Format Version 12.00
# Visual Studio Version 17
VisualStudioVersion = 17.13.35919.96 d17.13
MinimumVisualStudioVersion = 10.0.40219.1
Project("{FAE04EC0-301F-11D3-BF4B-00C04F79EFBC}") = "ScannerTrackerTest", "ScannerTracker\ScannerTrackerTest.csproj", "{2DAFD695-F727-4D3E-B0F1-331E0417E2DD}"
EndProject
Global
	GlobalSection(SolutionConfigurationPlatforms) = preSolution
		Debug|Any CPU = Debug|Any CPU
		Release|Any CPU = Release|Any CPU
	EndGlobalSection
	GlobalSection(ProjectConfigurationPlatforms) = postSolution
		{2DAFD695-F727-4D3E-B0F1-331E0417E2DD}.Debug|Any CPU.ActiveCfg = Debug|Any CPU
		{2DAFD695-F727-4D3E-B0F1-331E0417E2DD}.Debug|Any CPU.Build.0 = Debug|Any CPU
		{2DAFD695-F727-4D3E-B0F1-331E0417E2DD}.Release|Any CPU.ActiveCfg = Release|Any CPU
		{2DAFD695-F727-4D3E-B0F1-331E0417E2DD}.Release|Any CPU.Build.0 = Release|Any CPU
	EndGlobalSection
	GlobalSection(SolutionProperties) = preSolution
		HideSolutionNode = FALSE
	EndGlobalSection
	GlobalSection(ExtensibilityGlobals) = postSolution
		SolutionGuid = {F8172667-8507-45E0-BF3E-76CF7C65F0B1}
	EndGlobalSection
EndGlobal
